
Microsoft Visual Studio Solution File, Format Version 12.00
# Visual Studio Version 17
VisualStudioVersion = 17.6.33723.286
MinimumVisualStudioVersion = 10.0.40219.1
Project("{FAE04EC0-301F-11D3-BF4B-00C04F79EFBC}") = "OneMarket", "OneMarket\OneMarket.csproj", "{8BDC7645-350D-46EC-8AF4-DA3710DF2D24}"
EndProject
Global
	GlobalSection(SolutionConfigurationPlatforms) = preSolution
		Debug|Any CPU = Debug|Any CPU
		Release|Any CPU = Release|Any CPU
	EndGlobalSection
	GlobalSection(ProjectConfigurationPlatforms) = postSolution
		{8BDC7645-350D-46EC-8AF4-DA3710DF2D24}.Debug|Any CPU.ActiveCfg = Debug|Any CPU
		{8BDC7645-350D-46EC-8AF4-DA3710DF2D24}.Debug|Any CPU.Build.0 = Debug|Any CPU
		{8BDC7645-350D-46EC-8AF4-DA3710DF2D24}.Release|Any CPU.ActiveCfg = Release|Any CPU
		{8BDC7645-350D-46EC-8AF4-DA3710DF2D24}.Release|Any CPU.Build.0 = Release|Any CPU
	EndGlobalSection
	GlobalSection(SolutionProperties) = preSolution
		HideSolutionNode = FALSE
	EndGlobalSection
	GlobalSection(ExtensibilityGlobals) = postSolution
		SolutionGuid = {39EF8B2A-6D1D-4B84-8AE0-0B65DB2FFD5E}
	EndGlobalSection
EndGlobal
